
Microsoft Visual Studio Solution File, Format Version 12.00
# Visual Studio Version 16
VisualStudioVersion = 16.0.29806.167
MinimumVisualStudioVersion = 10.0.40219.1
Project("{9A19103F-16F7-4668-BE54-9A1E7A4F7556}") = "WTVersus", "WTVersus\WTVersus.csproj", "{2A931F16-2DE7-40B4-BF5D-1C3DD79A6AC5}"
EndProject
Project("{FAE04EC0-301F-11D3-BF4B-00C04F79EFBC}") = "DbMaintenance", "DbMaintenance\DbMaintenance.csproj", "{5462F0D6-7441-431B-8418-3BCDDC4B0738}"
EndProject
Global
	GlobalSection(SolutionConfigurationPlatforms) = preSolution
		Debug|Any CPU = Debug|Any CPU
		Release|Any CPU = Release|Any CPU
	EndGlobalSection
	GlobalSection(ProjectConfigurationPlatforms) = postSolution
		{2A931F16-2DE7-40B4-BF5D-1C3DD79A6AC5}.Debug|Any CPU.ActiveCfg = Debug|Any CPU
		{2A931F16-2DE7-40B4-BF5D-1C3DD79A6AC5}.Debug|Any CPU.Build.0 = Debug|Any CPU
		{2A931F16-2DE7-40B4-BF5D-1C3DD79A6AC5}.Release|Any CPU.ActiveCfg = Release|Any CPU
		{2A931F16-2DE7-40B4-BF5D-1C3DD79A6AC5}.Release|Any CPU.Build.0 = Release|Any CPU
		{5462F0D6-7441-431B-8418-3BCDDC4B0738}.Debug|Any CPU.ActiveCfg = Debug|Any CPU
		{5462F0D6-7441-431B-8418-3BCDDC4B0738}.Debug|Any CPU.Build.0 = Debug|Any CPU
		{5462F0D6-7441-431B-8418-3BCDDC4B0738}.Release|Any CPU.ActiveCfg = Release|Any CPU
		{5462F0D6-7441-431B-8418-3BCDDC4B0738}.Release|Any CPU.Build.0 = Release|Any CPU
	EndGlobalSection
	GlobalSection(SolutionProperties) = preSolution
		HideSolutionNode = FALSE
	EndGlobalSection
	GlobalSection(ExtensibilityGlobals) = postSolution
		SolutionGuid = {F5EA2CFF-6D85-430E-AE38-47B1AD71157D}
	EndGlobalSection
EndGlobal
